
Microsoft Visual Studio Solution File, Format Version 12.00
# Visual Studio Version 17
VisualStudioVersion = 17.10.35122.118
MinimumVisualStudioVersion = 10.0.40219.1
Project("{8BC9CEB8-8B4A-11D0-8D11-00A0C91BC942}") = "oglExtensionHook", "oglExtensionHook.vcxproj", "{04FB6546-6948-4F7F-AD0A-2E271F03C7A7}"
EndProject
Global
	GlobalSection(SolutionConfigurationPlatforms) = preSolution
		Debug|x64 = Debug|x64
		Debug|x86 = Debug|x86
		Release|x64 = Release|x64
		Release|x86 = Release|x86
	EndGlobalSection
	GlobalSection(ProjectConfigurationPlatforms) = postSolution
		{04FB6546-6948-4F7F-AD0A-2E271F03C7A7}.Debug|x64.ActiveCfg = Debug|x64
		{04FB6546-6948-4F7F-AD0A-2E271F03C7A7}.Debug|x64.Build.0 = Debug|x64
		{04FB6546-6948-4F7F-AD0A-2E271F03C7A7}.Debug|x86.ActiveCfg = Debug|Win32
		{04FB6546-6948-4F7F-AD0A-2E271F03C7A7}.Debug|x86.Build.0 = Debug|Win32
		{04FB6546-6948-4F7F-AD0A-2E271F03C7A7}.Release|x64.ActiveCfg = Release|x64
		{04FB6546-6948-4F7F-AD0A-2E271F03C7A7}.Release|x64.Build.0 = Release|x64
		{04FB6546-6948-4F7F-AD0A-2E271F03C7A7}.Release|x86.ActiveCfg = Release|Win32
		{04FB6546-6948-4F7F-AD0A-2E271F03C7A7}.Release|x86.Build.0 = Release|Win32
	EndGlobalSection
	GlobalSection(SolutionProperties) = preSolution
		HideSolutionNode = FALSE
	EndGlobalSection
	GlobalSection(ExtensibilityGlobals) = postSolution
		SolutionGuid = {98051524-02BF-490B-B550-5696F4A176EA}
	EndGlobalSection
EndGlobal
